
Microsoft Visual Studio Solution File, Format Version 12.00
# Visual Studio 15
VisualStudioVersion = 15.0.28307.645
MinimumVisualStudioVersion = 10.0.40219.1
Project("{FAE04EC0-301F-11D3-BF4B-00C04F79EFBC}") = "website_using_visual_studio", "index.html\website_using_visual_studio.csproj", "{C73BA87C-AE52-4860-B191-E85C36C1BF9D}"
EndProject
Global
	GlobalSection(SolutionConfigurationPlatforms) = preSolution
		Debug|Any CPU = Debug|Any CPU
		Release|Any CPU = Release|Any CPU
	EndGlobalSection
	GlobalSection(ProjectConfigurationPlatforms) = postSolution
		{C73BA87C-AE52-4860-B191-E85C36C1BF9D}.Debug|Any CPU.ActiveCfg = Debug|Any CPU
		{C73BA87C-AE52-4860-B191-E85C36C1BF9D}.Debug|Any CPU.Build.0 = Debug|Any CPU
		{C73BA87C-AE52-4860-B191-E85C36C1BF9D}.Release|Any CPU.ActiveCfg = Release|Any CPU
		{C73BA87C-AE52-4860-B191-E85C36C1BF9D}.Release|Any CPU.Build.0 = Release|Any CPU
	EndGlobalSection
	GlobalSection(SolutionProperties) = preSolution
		HideSolutionNode = FALSE
	EndGlobalSection
	GlobalSection(ExtensibilityGlobals) = postSolution
		SolutionGuid = {5252D176-12F1-4907-8DAD-821EF9F469ED}
	EndGlobalSection
EndGlobal
